
Microsoft Visual Studio Solution File, Format Version 12.00
# Visual Studio 14
VisualStudioVersion = 14.0.23107.0
MinimumVisualStudioVersion = 10.0.40219.1
Project("{E24C65DC-7377-472B-9ABA-BC803B73C61A}") = "MobileMyth", "MobileMyth\", "{0BB60F7E-4758-4518-AE0D-922C478FD45C}"
	ProjectSection(WebsiteProperties) = preProject
		TargetFrameworkMoniker = ".NETFramework,Version%3Dv4.0"
		Debug.AspNetCompiler.VirtualPath = "/MobileMyth"
		Debug.AspNetCompiler.PhysicalPath = "MobileMyth\"
		Debug.AspNetCompiler.TargetPath = "PrecompiledWeb\MobileMyth\"
		Debug.AspNetCompiler.Updateable = "true"
		Debug.AspNetCompiler.ForceOverwrite = "true"
		Debug.AspNetCompiler.FixedNames = "false"
		Debug.AspNetCompiler.Debug = "True"
		Release.AspNetCompiler.VirtualPath = "/MobileMyth"
		Release.AspNetCompiler.PhysicalPath = "MobileMyth\"
		Release.AspNetCompiler.TargetPath = "PrecompiledWeb\MobileMyth\"
		Release.AspNetCompiler.Updateable = "true"
		Release.AspNetCompiler.ForceOverwrite = "true"
		Release.AspNetCompiler.FixedNames = "false"
		Release.AspNetCompiler.Debug = "False"
		VWDPort = "53113"
		SlnRelativePath = "MobileMyth\"
	EndProjectSection
EndProject
Global
	GlobalSection(SolutionConfigurationPlatforms) = preSolution
		Debug|Any CPU = Debug|Any CPU
		Release|Any CPU = Release|Any CPU
	EndGlobalSection
	GlobalSection(ProjectConfigurationPlatforms) = postSolution
		{0BB60F7E-4758-4518-AE0D-922C478FD45C}.Debug|Any CPU.ActiveCfg = Debug|Any CPU
		{0BB60F7E-4758-4518-AE0D-922C478FD45C}.Debug|Any CPU.Build.0 = Debug|Any CPU
		{0BB60F7E-4758-4518-AE0D-922C478FD45C}.Release|Any CPU.ActiveCfg = Debug|Any CPU
		{0BB60F7E-4758-4518-AE0D-922C478FD45C}.Release|Any CPU.Build.0 = Debug|Any CPU
	EndGlobalSection
	GlobalSection(SolutionProperties) = preSolution
		HideSolutionNode = FALSE
	EndGlobalSection
EndGlobal
